
Microsoft Visual Studio Solution File, Format Version 12.00
# Visual Studio 2013
VisualStudioVersion = 12.0.21005.1
MinimumVisualStudioVersion = 10.0.40219.1
Project("{FAE04EC0-301F-11D3-BF4B-00C04F79EFBC}") = "Lesson_1(local_refer)", "Lesson_1\Lesson_1(local_refer).csproj", "{B6E2462B-6E86-4C93-BD39-21F2CD799250}"
EndProject
Project("{FAE04EC0-301F-11D3-BF4B-00C04F79EFBC}") = "Lesson_11(dll)", "Lesson_11\Lesson_11(dll).csproj", "{9C58AFED-3851-4277-B878-76415122189C}"
EndProject
Project("{FAE04EC0-301F-11D3-BF4B-00C04F79EFBC}") = "Lesson_1.2(reflection)", "Lesson_1.2\Lesson_1.2(reflection).csproj", "{3EA4F117-A322-46BA-A6C0-19DEA3FA29AE}"
EndProject
Project("{FAE04EC0-301F-11D3-BF4B-00C04F79EFBC}") = "lesson_1.3(freandly_assembly)", "lesson_1.3\lesson_1.3(freandly_assembly).csproj", "{3135CE97-8392-45B4-923B-66779A351B36}"
EndProject
Project("{FAE04EC0-301F-11D3-BF4B-00C04F79EFBC}") = "Lesson2(Interface)", "Lesson2\Lesson2(Interface).csproj", "{B2016035-932A-49B6-B166-64A25E3F4B23}"
EndProject
Project("{FAE04EC0-301F-11D3-BF4B-00C04F79EFBC}") = "Lesson3(Bank)", "Lesson3\Lesson3(Bank).csproj", "{40B0496A-7402-49D3-8403-0C11CB5FC116}"
EndProject
Project("{FAE04EC0-301F-11D3-BF4B-00C04F79EFBC}") = "Lesson2.1(String)", "Lesson2.1\Lesson2.1(String).csproj", "{78CBD62C-526B-4D2B-A302-2E4134D00C87}"
EndProject
Project("{FAE04EC0-301F-11D3-BF4B-00C04F79EFBC}") = "Lesson2.3(List_student)", "Lesson2.3\Lesson2.3(List_student).csproj", "{C5C710CE-ACA7-41C8-ACC8-460CAEB0551D}"
EndProject
Project("{FAE04EC0-301F-11D3-BF4B-00C04F79EFBC}") = "Lesson2.2(Student_Compare)", "Lesson2.2\Lesson2.2(Student_Compare).csproj", "{141F1149-77C5-4FD9-8100-98CBCB883D94}"
EndProject
Project("{FAE04EC0-301F-11D3-BF4B-00C04F79EFBC}") = "Lesson3.1(Student_file)", "Lesson3.1\Lesson3.1(Student_file).csproj", "{BA6251E7-2646-459A-B197-8B2CB8C1D681}"
EndProject
Project("{FAE04EC0-301F-11D3-BF4B-00C04F79EFBC}") = "Lesson3.2(Directory)", "Lesson3.2\Lesson3.2(Directory).csproj", "{E7F2106C-3546-46A0-A008-B38344B4F80E}"
EndProject
Project("{FAE04EC0-301F-11D3-BF4B-00C04F79EFBC}") = "Lesson4.1(class_work_MSTest)", "Lesson4.1\Lesson4.1(class_work_MSTest).csproj", "{875757B8-8884-411B-A7B0-186564930191}"
EndProject
Project("{FAE04EC0-301F-11D3-BF4B-00C04F79EFBC}") = "Lesson4.2(class_work_NUnit_Test)", "Lesson4.2(class_work_NUnit_Test)\Lesson4.2(class_work_NUnit_Test).csproj", "{E29ADB5A-335C-43CC-8510-6EC4AE78EA68}"
EndProject
Project("{FAE04EC0-301F-11D3-BF4B-00C04F79EFBC}") = "Lesson4(NUnitTestBank)", "Lesson4\Lesson4(NUnitTestBank).csproj", "{C56FBA02-6802-4629-8289-8D280EA43CDC}"
EndProject
Project("{FAE04EC0-301F-11D3-BF4B-00C04F79EFBC}") = "Lesson11(AsyncAwayTask)", "Lesson11(Multithreading)\Lesson11(AsyncAwayTask).csproj", "{5D5FB2BF-2E17-4C37-9B4C-DC19B6CD8787}"
EndProject
Project("{FAE04EC0-301F-11D3-BF4B-00C04F79EFBC}") = "Lesson11(Callback)", "Lesson11\Lesson11(Callback).csproj", "{735C4A15-F1AB-455F-957C-4703CFA8E242}"
EndProject
Project("{FAE04EC0-301F-11D3-BF4B-00C04F79EFBC}") = "Lesson11(parallel)", "Lesson11(parallel)\Lesson11(parallel).csproj", "{7DA501B0-3ECC-47F2-A2B9-BE94D6969143}"
EndProject
Project("{FAE04EC0-301F-11D3-BF4B-00C04F79EFBC}") = "Lesson11(Task)", "Lesson11(Task)\Lesson11(Task).csproj", "{D2CE6469-A956-409C-B166-FE1584CCF811}"
EndProject
Project("{FAE04EC0-301F-11D3-BF4B-00C04F79EFBC}") = "Lesson10(Linq_extend)", "Lesson10(Linq)\Lesson10(Linq_extend).csproj", "{1B77FFCE-E98A-4083-B0F2-20F2CA0128BC}"
EndProject
Project("{FAE04EC0-301F-11D3-BF4B-00C04F79EFBC}") = "Lesson10(linq_query_expression)", "Lesson10(linq_query_expression)\Lesson10(linq_query_expression).csproj", "{EFA197F5-476F-4304-85C9-44E28EF1039F}"
EndProject
Project("{FAE04EC0-301F-11D3-BF4B-00C04F79EFBC}") = "Lesson10(linq_OrderBy)", "Lesson10(linq_group_by)\Lesson10(linq_OrderBy).csproj", "{0CA22CA8-B664-4CBA-B5D5-012347459F9E}"
EndProject
Project("{FAE04EC0-301F-11D3-BF4B-00C04F79EFBC}") = "Lesson9(ADO_EF)", "Lesson9(ADO_EF)\Lesson9(ADO_EF).csproj", "{231A2D9B-AD07-49B7-A820-FC56A713D398}"
EndProject
Project("{FAE04EC0-301F-11D3-BF4B-00C04F79EFBC}") = "Lesson9(dll_ADO_EF)", "Lesson9(dll_ADO_EF)\Lesson9(dll_ADO_EF).csproj", "{892A35FE-8C72-4F1C-BF0A-92DE5AF5D93A}"
EndProject
Project("{FAE04EC0-301F-11D3-BF4B-00C04F79EFBC}") = "Lesson8(Xml_ISertialazible)", "Lesson8(ISertialazible)\Lesson8(Xml_ISertialazible).csproj", "{0DF8FB1C-ABB6-423C-84F3-3B6B1D322EDF}"
EndProject
Project("{FAE04EC0-301F-11D3-BF4B-00C04F79EFBC}") = "Lesson8(ISertialazible )", "Lesson8(ISertialazible )\Lesson8(ISertialazible ).csproj", "{3810C0D4-2298-4190-80C3-678D96BA421D}"
EndProject
Global
	GlobalSection(SolutionConfigurationPlatforms) = preSolution
		Debug|Any CPU = Debug|Any CPU
		Release|Any CPU = Release|Any CPU
	EndGlobalSection
	GlobalSection(ProjectConfigurationPlatforms) = postSolution
		{B6E2462B-6E86-4C93-BD39-21F2CD799250}.Debug|Any CPU.ActiveCfg = Debug|Any CPU
		{B6E2462B-6E86-4C93-BD39-21F2CD799250}.Debug|Any CPU.Build.0 = Debug|Any CPU
		{B6E2462B-6E86-4C93-BD39-21F2CD799250}.Release|Any CPU.ActiveCfg = Release|Any CPU
		{B6E2462B-6E86-4C93-BD39-21F2CD799250}.Release|Any CPU.Build.0 = Release|Any CPU
		{9C58AFED-3851-4277-B878-76415122189C}.Debug|Any CPU.ActiveCfg = Debug|Any CPU
		{9C58AFED-3851-4277-B878-76415122189C}.Debug|Any CPU.Build.0 = Debug|Any CPU
		{9C58AFED-3851-4277-B878-76415122189C}.Release|Any CPU.ActiveCfg = Release|Any CPU
		{9C58AFED-3851-4277-B878-76415122189C}.Release|Any CPU.Build.0 = Release|Any CPU
		{3EA4F117-A322-46BA-A6C0-19DEA3FA29AE}.Debug|Any CPU.ActiveCfg = Debug|Any CPU
		{3EA4F117-A322-46BA-A6C0-19DEA3FA29AE}.Debug|Any CPU.Build.0 = Debug|Any CPU
		{3EA4F117-A322-46BA-A6C0-19DEA3FA29AE}.Release|Any CPU.ActiveCfg = Release|Any CPU
		{3EA4F117-A322-46BA-A6C0-19DEA3FA29AE}.Release|Any CPU.Build.0 = Release|Any CPU
		{3135CE97-8392-45B4-923B-66779A351B36}.Debug|Any CPU.ActiveCfg = Debug|Any CPU
		{3135CE97-8392-45B4-923B-66779A351B36}.Debug|Any CPU.Build.0 = Debug|Any CPU
		{3135CE97-8392-45B4-923B-66779A351B36}.Release|Any CPU.ActiveCfg = Release|Any CPU
		{3135CE97-8392-45B4-923B-66779A351B36}.Release|Any CPU.Build.0 = Release|Any CPU
		{B2016035-932A-49B6-B166-64A25E3F4B23}.Debug|Any CPU.ActiveCfg = Debug|Any CPU
		{B2016035-932A-49B6-B166-64A25E3F4B23}.Debug|Any CPU.Build.0 = Debug|Any CPU
		{B2016035-932A-49B6-B166-64A25E3F4B23}.Release|Any CPU.ActiveCfg = Release|Any CPU
		{B2016035-932A-49B6-B166-64A25E3F4B23}.Release|Any CPU.Build.0 = Release|Any CPU
		{40B0496A-7402-49D3-8403-0C11CB5FC116}.Debug|Any CPU.ActiveCfg = Debug|Any CPU
		{40B0496A-7402-49D3-8403-0C11CB5FC116}.Debug|Any CPU.Build.0 = Debug|Any CPU
		{40B0496A-7402-49D3-8403-0C11CB5FC116}.Release|Any CPU.ActiveCfg = Release|Any CPU
		{40B0496A-7402-49D3-8403-0C11CB5FC116}.Release|Any CPU.Build.0 = Release|Any CPU
		{78CBD62C-526B-4D2B-A302-2E4134D00C87}.Debug|Any CPU.ActiveCfg = Debug|Any CPU
		{78CBD62C-526B-4D2B-A302-2E4134D00C87}.Debug|Any CPU.Build.0 = Debug|Any CPU
		{78CBD62C-526B-4D2B-A302-2E4134D00C87}.Release|Any CPU.ActiveCfg = Release|Any CPU
		{78CBD62C-526B-4D2B-A302-2E4134D00C87}.Release|Any CPU.Build.0 = Release|Any CPU
		{C5C710CE-ACA7-41C8-ACC8-460CAEB0551D}.Debug|Any CPU.ActiveCfg = Debug|Any CPU
		{C5C710CE-ACA7-41C8-ACC8-460CAEB0551D}.Debug|Any CPU.Build.0 = Debug|Any CPU
		{C5C710CE-ACA7-41C8-ACC8-460CAEB0551D}.Release|Any CPU.ActiveCfg = Release|Any CPU
		{C5C710CE-ACA7-41C8-ACC8-460CAEB0551D}.Release|Any CPU.Build.0 = Release|Any CPU
		{141F1149-77C5-4FD9-8100-98CBCB883D94}.Debug|Any CPU.ActiveCfg = Debug|Any CPU
		{141F1149-77C5-4FD9-8100-98CBCB883D94}.Debug|Any CPU.Build.0 = Debug|Any CPU
		{141F1149-77C5-4FD9-8100-98CBCB883D94}.Release|Any CPU.ActiveCfg = Release|Any CPU
		{141F1149-77C5-4FD9-8100-98CBCB883D94}.Release|Any CPU.Build.0 = Release|Any CPU
		{BA6251E7-2646-459A-B197-8B2CB8C1D681}.Debug|Any CPU.ActiveCfg = Debug|Any CPU
		{BA6251E7-2646-459A-B197-8B2CB8C1D681}.Debug|Any CPU.Build.0 = Debug|Any CPU
		{BA6251E7-2646-459A-B197-8B2CB8C1D681}.Release|Any CPU.ActiveCfg = Release|Any CPU
		{BA6251E7-2646-459A-B197-8B2CB8C1D681}.Release|Any CPU.Build.0 = Release|Any CPU
		{E7F2106C-3546-46A0-A008-B38344B4F80E}.Debug|Any CPU.ActiveCfg = Debug|Any CPU
		{E7F2106C-3546-46A0-A008-B38344B4F80E}.Debug|Any CPU.Build.0 = Debug|Any CPU
		{E7F2106C-3546-46A0-A008-B38344B4F80E}.Release|Any CPU.ActiveCfg = Release|Any CPU
		{E7F2106C-3546-46A0-A008-B38344B4F80E}.Release|Any CPU.Build.0 = Release|Any CPU
		{875757B8-8884-411B-A7B0-186564930191}.Debug|Any CPU.ActiveCfg = Debug|Any CPU
		{875757B8-8884-411B-A7B0-186564930191}.Debug|Any CPU.Build.0 = Debug|Any CPU
		{875757B8-8884-411B-A7B0-186564930191}.Release|Any CPU.ActiveCfg = Release|Any CPU
		{875757B8-8884-411B-A7B0-186564930191}.Release|Any CPU.Build.0 = Release|Any CPU
		{E29ADB5A-335C-43CC-8510-6EC4AE78EA68}.Debug|Any CPU.ActiveCfg = Debug|Any CPU
		{E29ADB5A-335C-43CC-8510-6EC4AE78EA68}.Debug|Any CPU.Build.0 = Debug|Any CPU
		{E29ADB5A-335C-43CC-8510-6EC4AE78EA68}.Release|Any CPU.ActiveCfg = Release|Any CPU
		{E29ADB5A-335C-43CC-8510-6EC4AE78EA68}.Release|Any CPU.Build.0 = Release|Any CPU
		{C56FBA02-6802-4629-8289-8D280EA43CDC}.Debug|Any CPU.ActiveCfg = Debug|Any CPU
		{C56FBA02-6802-4629-8289-8D280EA43CDC}.Debug|Any CPU.Build.0 = Debug|Any CPU
		{C56FBA02-6802-4629-8289-8D280EA43CDC}.Release|Any CPU.ActiveCfg = Release|Any CPU
		{C56FBA02-6802-4629-8289-8D280EA43CDC}.Release|Any CPU.Build.0 = Release|Any CPU
		{5D5FB2BF-2E17-4C37-9B4C-DC19B6CD8787}.Debug|Any CPU.ActiveCfg = Debug|Any CPU
		{5D5FB2BF-2E17-4C37-9B4C-DC19B6CD8787}.Debug|Any CPU.Build.0 = Debug|Any CPU
		{5D5FB2BF-2E17-4C37-9B4C-DC19B6CD8787}.Release|Any CPU.ActiveCfg = Release|Any CPU
		{5D5FB2BF-2E17-4C37-9B4C-DC19B6CD8787}.Release|Any CPU.Build.0 = Release|Any CPU
		{735C4A15-F1AB-455F-957C-4703CFA8E242}.Debug|Any CPU.ActiveCfg = Debug|Any CPU
		{735C4A15-F1AB-455F-957C-4703CFA8E242}.Debug|Any CPU.Build.0 = Debug|Any CPU
		{735C4A15-F1AB-455F-957C-4703CFA8E242}.Release|Any CPU.ActiveCfg = Release|Any CPU
		{735C4A15-F1AB-455F-957C-4703CFA8E242}.Release|Any CPU.Build.0 = Release|Any CPU
		{7DA501B0-3ECC-47F2-A2B9-BE94D6969143}.Debug|Any CPU.ActiveCfg = Debug|Any CPU
		{7DA501B0-3ECC-47F2-A2B9-BE94D6969143}.Debug|Any CPU.Build.0 = Debug|Any CPU
		{7DA501B0-3ECC-47F2-A2B9-BE94D6969143}.Release|Any CPU.ActiveCfg = Release|Any CPU
		{7DA501B0-3ECC-47F2-A2B9-BE94D6969143}.Release|Any CPU.Build.0 = Release|Any CPU
		{D2CE6469-A956-409C-B166-FE1584CCF811}.Debug|Any CPU.ActiveCfg = Debug|Any CPU
		{D2CE6469-A956-409C-B166-FE1584CCF811}.Debug|Any CPU.Build.0 = Debug|Any CPU
		{D2CE6469-A956-409C-B166-FE1584CCF811}.Release|Any CPU.ActiveCfg = Release|Any CPU
		{D2CE6469-A956-409C-B166-FE1584CCF811}.Release|Any CPU.Build.0 = Release|Any CPU
		{1B77FFCE-E98A-4083-B0F2-20F2CA0128BC}.Debug|Any CPU.ActiveCfg = Debug|Any CPU
		{1B77FFCE-E98A-4083-B0F2-20F2CA0128BC}.Debug|Any CPU.Build.0 = Debug|Any CPU
		{1B77FFCE-E98A-4083-B0F2-20F2CA0128BC}.Release|Any CPU.ActiveCfg = Release|Any CPU
		{1B77FFCE-E98A-4083-B0F2-20F2CA0128BC}.Release|Any CPU.Build.0 = Release|Any CPU
		{EFA197F5-476F-4304-85C9-44E28EF1039F}.Debug|Any CPU.ActiveCfg = Debug|Any CPU
		{EFA197F5-476F-4304-85C9-44E28EF1039F}.Debug|Any CPU.Build.0 = Debug|Any CPU
		{EFA197F5-476F-4304-85C9-44E28EF1039F}.Release|Any CPU.ActiveCfg = Release|Any CPU
		{EFA197F5-476F-4304-85C9-44E28EF1039F}.Release|Any CPU.Build.0 = Release|Any CPU
		{0CA22CA8-B664-4CBA-B5D5-012347459F9E}.Debug|Any CPU.ActiveCfg = Debug|Any CPU
		{0CA22CA8-B664-4CBA-B5D5-012347459F9E}.Debug|Any CPU.Build.0 = Debug|Any CPU
		{0CA22CA8-B664-4CBA-B5D5-012347459F9E}.Release|Any CPU.ActiveCfg = Release|Any CPU
		{0CA22CA8-B664-4CBA-B5D5-012347459F9E}.Release|Any CPU.Build.0 = Release|Any CPU
		{231A2D9B-AD07-49B7-A820-FC56A713D398}.Debug|Any CPU.ActiveCfg = Debug|Any CPU
		{231A2D9B-AD07-49B7-A820-FC56A713D398}.Debug|Any CPU.Build.0 = Debug|Any CPU
		{231A2D9B-AD07-49B7-A820-FC56A713D398}.Release|Any CPU.ActiveCfg = Release|Any CPU
		{231A2D9B-AD07-49B7-A820-FC56A713D398}.Release|Any CPU.Build.0 = Release|Any CPU
		{892A35FE-8C72-4F1C-BF0A-92DE5AF5D93A}.Debug|Any CPU.ActiveCfg = Debug|Any CPU
		{892A35FE-8C72-4F1C-BF0A-92DE5AF5D93A}.Debug|Any CPU.Build.0 = Debug|Any CPU
		{892A35FE-8C72-4F1C-BF0A-92DE5AF5D93A}.Release|Any CPU.ActiveCfg = Release|Any CPU
		{892A35FE-8C72-4F1C-BF0A-92DE5AF5D93A}.Release|Any CPU.Build.0 = Release|Any CPU
		{0DF8FB1C-ABB6-423C-84F3-3B6B1D322EDF}.Debug|Any CPU.ActiveCfg = Debug|Any CPU
		{0DF8FB1C-ABB6-423C-84F3-3B6B1D322EDF}.Debug|Any CPU.Build.0 = Debug|Any CPU
		{0DF8FB1C-ABB6-423C-84F3-3B6B1D322EDF}.Release|Any CPU.ActiveCfg = Release|Any CPU
		{0DF8FB1C-ABB6-423C-84F3-3B6B1D322EDF}.Release|Any CPU.Build.0 = Release|Any CPU
		{3810C0D4-2298-4190-80C3-678D96BA421D}.Debug|Any CPU.ActiveCfg = Debug|Any CPU
		{3810C0D4-2298-4190-80C3-678D96BA421D}.Debug|Any CPU.Build.0 = Debug|Any CPU
		{3810C0D4-2298-4190-80C3-678D96BA421D}.Release|Any CPU.ActiveCfg = Release|Any CPU
		{3810C0D4-2298-4190-80C3-678D96BA421D}.Release|Any CPU.Build.0 = Release|Any CPU
	EndGlobalSection
	GlobalSection(SolutionProperties) = preSolution
		HideSolutionNode = FALSE
	EndGlobalSection
EndGlobal
